
Microsoft Visual Studio Solution File, Format Version 12.00
# Visual Studio Version 17
VisualStudioVersion = 17.10.35027.167
MinimumVisualStudioVersion = 10.0.40219.1
Project("{FAE04EC0-301F-11D3-BF4B-00C04F79EFBC}") = "241118_CI_CD_WebApplication", "241118_CI_CD_WebApplication.csproj", "{0E9F68BC-9540-4645-9AC5-AD14F5E60C64}"
EndProject
Global
	GlobalSection(SolutionConfigurationPlatforms) = preSolution
		Debug|Any CPU = Debug|Any CPU
		Release|Any CPU = Release|Any CPU
	EndGlobalSection
	GlobalSection(ProjectConfigurationPlatforms) = postSolution
		{0E9F68BC-9540-4645-9AC5-AD14F5E60C64}.Debug|Any CPU.ActiveCfg = Debug|Any CPU
		{0E9F68BC-9540-4645-9AC5-AD14F5E60C64}.Debug|Any CPU.Build.0 = Debug|Any CPU
		{0E9F68BC-9540-4645-9AC5-AD14F5E60C64}.Release|Any CPU.ActiveCfg = Release|Any CPU
		{0E9F68BC-9540-4645-9AC5-AD14F5E60C64}.Release|Any CPU.Build.0 = Release|Any CPU
	EndGlobalSection
	GlobalSection(SolutionProperties) = preSolution
		HideSolutionNode = FALSE
	EndGlobalSection
	GlobalSection(ExtensibilityGlobals) = postSolution
		SolutionGuid = {48B86A09-B727-4959-8298-54BDF0E8001C}
	EndGlobalSection
EndGlobal
